
Microsoft Visual Studio Solution File, Format Version 12.00
# Visual Studio Version 16
VisualStudioVersion = 16.0.29613.14
MinimumVisualStudioVersion = 10.0.40219.1
Project("{9A19103F-16F7-4668-BE54-9A1E7A4F7556}") = "ClassLibrary", "ClassLibrary\ClassLibrary.csproj", "{8E4B5910-06BA-4CD4-955C-6A1B54442FA4}"
EndProject
Project("{9A19103F-16F7-4668-BE54-9A1E7A4F7556}") = "ClassLibraryAttr", "ClassLibraryAttr\ClassLibraryAttr.csproj", "{954C045E-3904-4A09-8A50-B022FA7C4ED3}"
EndProject
Project("{9A19103F-16F7-4668-BE54-9A1E7A4F7556}") = "SerializationClassLibrary", "SerializationClassLibrary\SerializationClassLibrary.csproj", "{ED26D840-D1DF-4DE9-83C6-D32A53A19F10}"
	ProjectSection(ProjectDependencies) = postProject
		{954C045E-3904-4A09-8A50-B022FA7C4ED3} = {954C045E-3904-4A09-8A50-B022FA7C4ED3}
	EndProjectSection
EndProject
Project("{FAE04EC0-301F-11D3-BF4B-00C04F79EFBC}") = "Lab_3", "Lab_3\Lab_3.csproj", "{F868641D-19E7-4C1A-BD8F-5B47C4A3094F}"
	ProjectSection(ProjectDependencies) = postProject
		{ED26D840-D1DF-4DE9-83C6-D32A53A19F10} = {ED26D840-D1DF-4DE9-83C6-D32A53A19F10}
		{84BA3846-F201-4EEA-8F31-6D184F71F065} = {84BA3846-F201-4EEA-8F31-6D184F71F065}
		{45F57AAD-F9AE-4D2A-8FB4-397763DF6774} = {45F57AAD-F9AE-4D2A-8FB4-397763DF6774}
	EndProjectSection
EndProject
Project("{2150E333-8FDC-42A3-9474-1A3956D46DE8}") = "Solution Items", "Solution Items", "{4720CE13-66E9-43FC-9570-2D39ECB10D2B}"
EndProject
Project("{FAE04EC0-301F-11D3-BF4B-00C04F79EFBC}") = "ISerializationClassLibrary", "ISerializationClassLibrary\ISerializationClassLibrary.csproj", "{45F57AAD-F9AE-4D2A-8FB4-397763DF6774}"
EndProject
Project("{FAE04EC0-301F-11D3-BF4B-00C04F79EFBC}") = "FurnitureListLibrary", "FurnitureListLibrary\FurnitureListLibrary.csproj", "{84BA3846-F201-4EEA-8F31-6D184F71F065}"
EndProject
Global
	GlobalSection(SolutionConfigurationPlatforms) = preSolution
		Debug|Any CPU = Debug|Any CPU
		Release|Any CPU = Release|Any CPU
	EndGlobalSection
	GlobalSection(ProjectConfigurationPlatforms) = postSolution
		{8E4B5910-06BA-4CD4-955C-6A1B54442FA4}.Debug|Any CPU.ActiveCfg = Debug|Any CPU
		{8E4B5910-06BA-4CD4-955C-6A1B54442FA4}.Debug|Any CPU.Build.0 = Debug|Any CPU
		{8E4B5910-06BA-4CD4-955C-6A1B54442FA4}.Release|Any CPU.ActiveCfg = Release|Any CPU
		{8E4B5910-06BA-4CD4-955C-6A1B54442FA4}.Release|Any CPU.Build.0 = Release|Any CPU
		{954C045E-3904-4A09-8A50-B022FA7C4ED3}.Debug|Any CPU.ActiveCfg = Debug|Any CPU
		{954C045E-3904-4A09-8A50-B022FA7C4ED3}.Debug|Any CPU.Build.0 = Debug|Any CPU
		{954C045E-3904-4A09-8A50-B022FA7C4ED3}.Release|Any CPU.ActiveCfg = Release|Any CPU
		{954C045E-3904-4A09-8A50-B022FA7C4ED3}.Release|Any CPU.Build.0 = Release|Any CPU
		{ED26D840-D1DF-4DE9-83C6-D32A53A19F10}.Debug|Any CPU.ActiveCfg = Debug|Any CPU
		{ED26D840-D1DF-4DE9-83C6-D32A53A19F10}.Debug|Any CPU.Build.0 = Debug|Any CPU
		{ED26D840-D1DF-4DE9-83C6-D32A53A19F10}.Release|Any CPU.ActiveCfg = Release|Any CPU
		{ED26D840-D1DF-4DE9-83C6-D32A53A19F10}.Release|Any CPU.Build.0 = Release|Any CPU
		{F868641D-19E7-4C1A-BD8F-5B47C4A3094F}.Debug|Any CPU.ActiveCfg = Debug|Any CPU
		{F868641D-19E7-4C1A-BD8F-5B47C4A3094F}.Debug|Any CPU.Build.0 = Debug|Any CPU
		{F868641D-19E7-4C1A-BD8F-5B47C4A3094F}.Release|Any CPU.ActiveCfg = Release|Any CPU
		{F868641D-19E7-4C1A-BD8F-5B47C4A3094F}.Release|Any CPU.Build.0 = Release|Any CPU
		{45F57AAD-F9AE-4D2A-8FB4-397763DF6774}.Debug|Any CPU.ActiveCfg = Debug|Any CPU
		{45F57AAD-F9AE-4D2A-8FB4-397763DF6774}.Debug|Any CPU.Build.0 = Debug|Any CPU
		{45F57AAD-F9AE-4D2A-8FB4-397763DF6774}.Release|Any CPU.ActiveCfg = Release|Any CPU
		{45F57AAD-F9AE-4D2A-8FB4-397763DF6774}.Release|Any CPU.Build.0 = Release|Any CPU
		{84BA3846-F201-4EEA-8F31-6D184F71F065}.Debug|Any CPU.ActiveCfg = Debug|Any CPU
		{84BA3846-F201-4EEA-8F31-6D184F71F065}.Debug|Any CPU.Build.0 = Debug|Any CPU
		{84BA3846-F201-4EEA-8F31-6D184F71F065}.Release|Any CPU.ActiveCfg = Release|Any CPU
		{84BA3846-F201-4EEA-8F31-6D184F71F065}.Release|Any CPU.Build.0 = Release|Any CPU
	EndGlobalSection
	GlobalSection(SolutionProperties) = preSolution
		HideSolutionNode = FALSE
	EndGlobalSection
	GlobalSection(ExtensibilityGlobals) = postSolution
		SolutionGuid = {513382CD-A07F-44B0-B558-61BB2C4087A2}
	EndGlobalSection
EndGlobal
